{
  "object": {
    "pins": [
      {
        "package": "Alamofire",
        "repositoryURL": "https://github.com/Alamofire/Alamofire.git",
        "state": {
          "branch": null,
          "revision": "78424be314842833c04bc3bef5b72e85fff99204",
          "version": "5.6.4"
        }
      },
      {
        "package": "DeviceKit",
        "repositoryURL": "https://github.com/phimage/DeviceKit.git",
        "state": {
          "branch": "feature/macos",
          "revision": "ecdfbb1fe053507cc3eaeaa8d078e64180de1809",
          "version": null
        }
      },
      {
        "package": "Eureka",
        "repositoryURL": "https://github.com/xmartlabs/Eureka.git",
        "state": {
          "branch": "HEAD",
          "revision": "ba4ebbcc4e368e901de666870fc2a4524474a4c7",
          "version": null
        }
      },
      {
        "package": "IBAnimatable",
        "repositoryURL": "https://github.com/IBAnimatable/IBAnimatable.git",
        "state": {
          "branch": "HEAD",
          "revision": "c5bce0d977c9a9b1f98f54577703894bc8efa339",
          "version": null
        }
      },
      {
        "package": "Logger",
        "repositoryURL": "https://github.com/shibapm/Logger",
        "state": {
          "branch": null,
          "revision": "53c3ecca5abe8cf46697e33901ee774236d94cce",
          "version": "0.2.3"
        }
      },
      {
        "package": "Moya",
        "repositoryURL": "https://github.com/Moya/Moya.git",
        "state": {
          "branch": null,
          "revision": "d27767c3624cc64a45bb371b267b89c92d70c670",
          "version": "14.0.1"
        }
      },
      {
        "package": "Nimble",
        "repositoryURL": "https://github.com/Quick/Nimble.git",
        "state": {
          "branch": null,
          "revision": "7a46a5fc86cb917f69e3daf79fcb045283d8f008",
          "version": "8.1.2"
        }
      },
      {
        "package": "OHHTTPStubs",
        "repositoryURL": "https://github.com/AliSoftware/OHHTTPStubs.git",
        "state": {
          "branch": null,
          "revision": "12f19662426d0434d6c330c6974d53e2eb10ecd9",
          "version": "9.1.0"
        }
      },
      {
        "package": "PackageConfig",
        "repositoryURL": "https://github.com/shibapm/PackageConfig.git",
        "state": {
          "branch": null,
          "revision": "58523193c26fb821ed1720dcd8a21009055c7cdb",
          "version": "1.1.3"
        }
      },
      {
        "package": "Prephirences",
        "repositoryURL": "https://github.com/phimage/Prephirences.git",
        "state": {
          "branch": "HEAD",
          "revision": "b0ed8e40f2e1693aebcba95950f8a7c14e66c61f",
          "version": null
        }
      },
      {
        "package": "QMobileAPI",
        "repositoryURL": "https://github.com/4d-for-ios/QMobileAPI.git",
        "state": {
          "branch": "HEAD",
          "revision": "a3940464b34790477e0f913ccfcd96c25be0593f",
          "version": null
        }
      },
      {
        "package": "QMobileDataSync",
        "repositoryURL": "https://github.com/4d-for-ios/QMobileDataSync.git",
        "state": {
          "branch": "HEAD",
          "revision": "a2f82e6041d2575995243f72afbf115e811350b6",
          "version": null
        }
      },
      {
        "package": "QMobileUI",
        "repositoryURL": "https://github.com/quatreios/QMobileUI.git",
        "state": {
          "branch": "HEAD",
          "revision": "476e2acff61baca497b9aec512766449ab281c4e",
          "version": null
        }
      },
      {
        "package": "Quick",
        "repositoryURL": "https://github.com/Quick/Quick.git",
        "state": {
          "branch": null,
          "revision": "09b3becb37cb2163919a3842a4c5fa6ec7130792",
          "version": "2.2.1"
        }
      },
      {
        "package": "ReactiveSwift",
        "repositoryURL": "https://github.com/Moya/ReactiveSwift.git",
        "state": {
          "branch": null,
          "revision": "f195d82bb30e412e70446e2b4a77e1b514099e88",
          "version": "6.1.0"
        }
      },
      {
        "package": "Rocket",
        "repositoryURL": "https://github.com/shibapm/Rocket",
        "state": {
          "branch": null,
          "revision": "9880a5beb7fcb9e61ddd5764edc1700b8c418deb",
          "version": "1.2.1"
        }
      },
      {
        "package": "RxSwift",
        "repositoryURL": "https://github.com/ReactiveX/RxSwift.git",
        "state": {
          "branch": null,
          "revision": "cec68169a048a079f461ba203fe85636548d7a89",
          "version": "5.1.3"
        }
      },
      {
        "package": "SwiftMessages",
        "repositoryURL": "https://github.com/SwiftKickMobile/SwiftMessages.git",
        "state": {
          "branch": "HEAD",
          "revision": "4e49214f64f949cc00af225e1f6f4457f6fd62d5",
          "version": null
        }
      },
      {
        "package": "SwiftShell",
        "repositoryURL": "https://github.com/kareman/SwiftShell",
        "state": {
          "branch": null,
          "revision": "a6014fe94c3dbff0ad500e8da4f251a5d336530b",
          "version": "5.1.0-beta.1"
        }
      },
      {
        "package": "SwiftyJSON",
        "repositoryURL": "https://github.com/SwiftyJSON/SwiftyJSON.git",
        "state": {
          "branch": "HEAD",
          "revision": "af1f7a2007d607fbe735c445f19080df4260fe8e",
          "version": null
        }
      },
      {
        "package": "XCGLogger",
        "repositoryURL": "https://github.com/DaveWoodCom/XCGLogger.git",
        "state": {
          "branch": null,
          "revision": "a9c4667b247928a29bdd41be2ec2c8d304215a54",
          "version": "7.0.1"
        }
      },
      {
        "package": "Yams",
        "repositoryURL": "https://github.com/jpsim/Yams",
        "state": {
          "branch": null,
          "revision": "9ff1cc9327586db4e0c8f46f064b6a82ec1566fa",
          "version": "4.0.6"
        }
      }
    ]
  },
  "version": 1
}
